
Microsoft Visual Studio Solution File, Format Version 12.00
# Visual Studio Version 16
VisualStudioVersion = 16.0.29409.12
MinimumVisualStudioVersion = 10.0.40219.1
Project("{FAE04EC0-301F-11D3-BF4B-00C04F79EFBC}") = "Tachyon.Desktop", "Tachyon.Desktop\Tachyon.Desktop.csproj", "{AEB3FC89-DC3E-4BC9-9EC7-03B72FC5D849}"
EndProject
Project("{FAE04EC0-301F-11D3-BF4B-00C04F79EFBC}") = "Tachyon.Game", "Tachyon.Game\Tachyon.Game.csproj", "{F02A411C-F069-433F-8910-7511A0DE34F2}"
EndProject
Project("{FAE04EC0-301F-11D3-BF4B-00C04F79EFBC}") = "Tachyon.Game.Tests", "Tachyon.Game.Tests\Tachyon.Game.Tests.csproj", "{E4EBACD4-1AC4-43BE-B7E5-A8EA1C11F7DD}"
EndProject
Project("{FAE04EC0-301F-11D3-BF4B-00C04F79EFBC}") = "Tachyon.Resources", "Tachyon.Resources\Tachyon.Resources.csproj", "{811374A7-A59C-44F3-B223-372E5E27FDFF}"
EndProject
Project("{FAE04EC0-301F-11D3-BF4B-00C04F79EFBC}") = "Tachyon.Android", "Tachyon.Android\Tachyon.Android.csproj", "{A66E5EBD-4B71-4312-A9EA-9C02840B3A65}"
EndProject
Project("{FAE04EC0-301F-11D3-BF4B-00C04F79EFBC}") = "Tachyon.iOS", "Tachyon.iOS\Tachyon.iOS.csproj", "{E752576E-1103-4AF8-9EC2-EB29CBE0B8D1}"
EndProject
Project("{2150E333-8FDC-42A3-9474-1A3956D46DE8}") = "Solution Items", "Solution Items", "{9AF9C164-2A9E-4958-BB12-0FEDC40F58EC}"
	ProjectSection(SolutionItems) = preProject
		Directory.Build.props = Directory.Build.props
		Tachyon.Android.props = Tachyon.Android.props
		Tachyon.iOS.props = Tachyon.iOS.props
	EndProjectSection
EndProject
Project("{FAE04EC0-301F-11D3-BF4B-00C04F79EFBC}") = "osu.Framework", "..\osu-framework\osu.Framework\osu.Framework.csproj", "{5799CAA4-D0E2-49C9-967C-1AACB0D538F9}"
EndProject
Project("{FAE04EC0-301F-11D3-BF4B-00C04F79EFBC}") = "osu.Framework.NativeLibs", "..\osu-framework\osu.Framework.NativeLibs\osu.Framework.NativeLibs.csproj", "{FB172579-059F-4810-87B9-51E4A9C138A7}"
EndProject
Global
	GlobalSection(SolutionConfigurationPlatforms) = preSolution
		Debug|Any CPU = Debug|Any CPU
		Release|Any CPU = Release|Any CPU
	EndGlobalSection
	GlobalSection(ProjectConfigurationPlatforms) = postSolution
		{F02A411C-F069-433F-8910-7511A0DE34F2}.Debug|Any CPU.ActiveCfg = Debug|Any CPU
		{F02A411C-F069-433F-8910-7511A0DE34F2}.Debug|Any CPU.Build.0 = Debug|Any CPU
		{F02A411C-F069-433F-8910-7511A0DE34F2}.Release|Any CPU.ActiveCfg = Release|Any CPU
		{F02A411C-F069-433F-8910-7511A0DE34F2}.Release|Any CPU.Build.0 = Release|Any CPU
		{E4EBACD4-1AC4-43BE-B7E5-A8EA1C11F7DD}.Debug|Any CPU.ActiveCfg = Debug|Any CPU
		{E4EBACD4-1AC4-43BE-B7E5-A8EA1C11F7DD}.Debug|Any CPU.Build.0 = Debug|Any CPU
		{E4EBACD4-1AC4-43BE-B7E5-A8EA1C11F7DD}.Release|Any CPU.ActiveCfg = Release|Any CPU
		{E4EBACD4-1AC4-43BE-B7E5-A8EA1C11F7DD}.Release|Any CPU.Build.0 = Release|Any CPU
		{811374A7-A59C-44F3-B223-372E5E27FDFF}.Debug|Any CPU.ActiveCfg = Debug|Any CPU
		{811374A7-A59C-44F3-B223-372E5E27FDFF}.Debug|Any CPU.Build.0 = Debug|Any CPU
		{811374A7-A59C-44F3-B223-372E5E27FDFF}.Release|Any CPU.ActiveCfg = Release|Any CPU
		{811374A7-A59C-44F3-B223-372E5E27FDFF}.Release|Any CPU.Build.0 = Release|Any CPU
		{AEB3FC89-DC3E-4BC9-9EC7-03B72FC5D849}.Debug|Any CPU.ActiveCfg = Debug|Any CPU
		{AEB3FC89-DC3E-4BC9-9EC7-03B72FC5D849}.Debug|Any CPU.Build.0 = Debug|Any CPU
		{5799CAA4-D0E2-49C9-967C-1AACB0D538F9}.Debug|Any CPU.ActiveCfg = Debug|Any CPU
		{5799CAA4-D0E2-49C9-967C-1AACB0D538F9}.Debug|Any CPU.Build.0 = Debug|Any CPU
		{5799CAA4-D0E2-49C9-967C-1AACB0D538F9}.Release|Any CPU.ActiveCfg = Release|Any CPU
		{5799CAA4-D0E2-49C9-967C-1AACB0D538F9}.Release|Any CPU.Build.0 = Release|Any CPU
		{FB172579-059F-4810-87B9-51E4A9C138A7}.Debug|Any CPU.ActiveCfg = Debug|Any CPU
		{FB172579-059F-4810-87B9-51E4A9C138A7}.Debug|Any CPU.Build.0 = Debug|Any CPU
		{FB172579-059F-4810-87B9-51E4A9C138A7}.Release|Any CPU.ActiveCfg = Release|Any CPU
		{FB172579-059F-4810-87B9-51E4A9C138A7}.Release|Any CPU.Build.0 = Release|Any CPU
	EndGlobalSection
	GlobalSection(SolutionProperties) = preSolution
		HideSolutionNode = FALSE
	EndGlobalSection
EndGlobal
